
Microsoft Visual Studio Solution File, Format Version 12.00
# Visual Studio Version 17
VisualStudioVersion = 17.8.34309.116
MinimumVisualStudioVersion = 10.0.40219.1
Project("{FAE04EC0-301F-11D3-BF4B-00C04F79EFBC}") = "ForensicBones5", "ForensicBones5\ForensicBones5.csproj", "{3590198F-2CCD-40BF-973B-0CD8122207C3}"
EndProject
Global
	GlobalSection(SolutionConfigurationPlatforms) = preSolution
		Debug|Any CPU = Debug|Any CPU
		Release|Any CPU = Release|Any CPU
	EndGlobalSection
	GlobalSection(ProjectConfigurationPlatforms) = postSolution
		{3590198F-2CCD-40BF-973B-0CD8122207C3}.Debug|Any CPU.ActiveCfg = Debug|Any CPU
		{3590198F-2CCD-40BF-973B-0CD8122207C3}.Debug|Any CPU.Build.0 = Debug|Any CPU
		{3590198F-2CCD-40BF-973B-0CD8122207C3}.Release|Any CPU.ActiveCfg = Release|Any CPU
		{3590198F-2CCD-40BF-973B-0CD8122207C3}.Release|Any CPU.Build.0 = Release|Any CPU
	EndGlobalSection
	GlobalSection(SolutionProperties) = preSolution
		HideSolutionNode = FALSE
	EndGlobalSection
	GlobalSection(ExtensibilityGlobals) = postSolution
		SolutionGuid = {CED6A73A-16B8-46A1-9780-A9820CC96EB6}
	EndGlobalSection
EndGlobal
